{
  "name": "assets",
  "lockfileVersion": 2,
  "requires": true,
  "packages": {
    "": {
      "devDependencies": {
        "@types/phoenix": "^1.5.4",
        "@types/phoenix_live_view": "^0.15.1",
        "typescript": "^4.9.4"
      }
    },
    "node_modules/@types/phoenix": {
      "version": "1.5.4",
      "resolved": "https://registry.npmjs.org/@types/phoenix/-/phoenix-1.5.4.tgz",
      "integrity": "sha512-L5eZmzw89eXBKkiqVBcJfU1QGx9y+wurRIEgt0cuLH0hwNtVUxtx+6cu0R2STwWj468sjXyBYPYDtGclUd1kjQ==",
      "dev": true
    },
    "node_modules/@types/phoenix_live_view": {
      "version": "0.15.1",
      "resolved": "https://registry.npmjs.org/@types/phoenix_live_view/-/phoenix_live_view-0.15.1.tgz",
      "integrity": "sha512-dWKwJ9xqCHW+3TVfCIVC6/6ZMpURlDcu9qakWL89H5iWoSXs5X7gaKKnPXc7a1IKULieZjHBVkCW0Ui9aRf3Bg==",
      "dev": true,
      "dependencies": {
        "@types/phoenix": "*"
      }
    },
    "node_modules/typescript": {
      "version": "4.9.4",
      "resolved": "https://registry.npmjs.org/typescript/-/typescript-4.9.4.tgz",
      "integrity": "sha512-Uz+dTXYzxXXbsFpM86Wh3dKCxrQqUcVMxwU54orwlJjOpO3ao8L7j5lH+dWfTwgCwIuM9GQ2kvVotzYJMXTBZg==",
      "dev": true,
      "bin": {
        "tsc": "bin/tsc",
        "tsserver": "bin/tsserver"
      },
      "engines": {
        "node": ">=4.2.0"
      }
    }
  },
  "dependencies": {
    "@types/phoenix": {
      "version": "1.5.4",
      "resolved": "https://registry.npmjs.org/@types/phoenix/-/phoenix-1.5.4.tgz",
      "integrity": "sha512-L5eZmzw89eXBKkiqVBcJfU1QGx9y+wurRIEgt0cuLH0hwNtVUxtx+6cu0R2STwWj468sjXyBYPYDtGclUd1kjQ==",
      "dev": true
    },
    "@types/phoenix_live_view": {
      "version": "0.15.1",
      "resolved": "https://registry.npmjs.org/@types/phoenix_live_view/-/phoenix_live_view-0.15.1.tgz",
      "integrity": "sha512-dWKwJ9xqCHW+3TVfCIVC6/6ZMpURlDcu9qakWL89H5iWoSXs5X7gaKKnPXc7a1IKULieZjHBVkCW0Ui9aRf3Bg==",
      "dev": true,
      "requires": {
        "@types/phoenix": "*"
      }
    },
    "typescript": {
      "version": "4.9.4",
      "resolved": "https://registry.npmjs.org/typescript/-/typescript-4.9.4.tgz",
      "integrity": "sha512-Uz+dTXYzxXXbsFpM86Wh3dKCxrQqUcVMxwU54orwlJjOpO3ao8L7j5lH+dWfTwgCwIuM9GQ2kvVotzYJMXTBZg==",
      "dev": true
    }
  }
}
